
Microsoft Visual Studio Solution File, Format Version 12.00
# Visual Studio Version 16
VisualStudioVersion = 16.0.30413.136
MinimumVisualStudioVersion = 10.0.40219.1
Project("{9A19103F-16F7-4668-BE54-9A1E7A4F7556}") = "CSharpMethods", "CSharpMethods\CSharpMethods.csproj", "{FFABE043-E24A-4FBB-B1F3-F7146D0FAC5D}"
EndProject
Project("{FAE04EC0-301F-11D3-BF4B-00C04F79EFBC}") = "CSharpMethodsTests", "CSharpMethodsTests\CSharpMethodsTests.csproj", "{53FB1A13-0A86-4BC9-ADAA-BF8BEE0FFD3A}"
EndProject
Global
	GlobalSection(SolutionConfigurationPlatforms) = preSolution
		Debug|Any CPU = Debug|Any CPU
		Release|Any CPU = Release|Any CPU
	EndGlobalSection
	GlobalSection(ProjectConfigurationPlatforms) = postSolution
		{FFABE043-E24A-4FBB-B1F3-F7146D0FAC5D}.Debug|Any CPU.ActiveCfg = Debug|Any CPU
		{FFABE043-E24A-4FBB-B1F3-F7146D0FAC5D}.Debug|Any CPU.Build.0 = Debug|Any CPU
		{FFABE043-E24A-4FBB-B1F3-F7146D0FAC5D}.Release|Any CPU.ActiveCfg = Release|Any CPU
		{FFABE043-E24A-4FBB-B1F3-F7146D0FAC5D}.Release|Any CPU.Build.0 = Release|Any CPU
		{53FB1A13-0A86-4BC9-ADAA-BF8BEE0FFD3A}.Debug|Any CPU.ActiveCfg = Debug|Any CPU
		{53FB1A13-0A86-4BC9-ADAA-BF8BEE0FFD3A}.Debug|Any CPU.Build.0 = Debug|Any CPU
		{53FB1A13-0A86-4BC9-ADAA-BF8BEE0FFD3A}.Release|Any CPU.ActiveCfg = Release|Any CPU
		{53FB1A13-0A86-4BC9-ADAA-BF8BEE0FFD3A}.Release|Any CPU.Build.0 = Release|Any CPU
	EndGlobalSection
	GlobalSection(SolutionProperties) = preSolution
		HideSolutionNode = FALSE
	EndGlobalSection
	GlobalSection(ExtensibilityGlobals) = postSolution
		SolutionGuid = {DB4B79EB-8B86-4154-AE4A-D53066FEC5DC}
	EndGlobalSection
EndGlobal
